// !$*UTF8*$!
{
	archiveVersion = 1;
	classes = {
	};
	objectVersion = 51;
	objects = {

/* Begin PBXBuildFile section */
		AC19AE2A249C98C700E91F5F /* AuthenticationAlert.swift in Sources */ = {isa = PBXBuildFile; fileRef = AC19AE29249C98C700E91F5F /* AuthenticationAlert.swift */; };
		AC19AE2C249CA37A00E91F5F /* AuthenticationAlert.xib in Resources */ = {isa = PBXBuildFile; fileRef = AC19AE2B249CA37A00E91F5F /* AuthenticationAlert.xib */; };
		ACA50E2C249253B000914EAF /* AppDelegate.m in Sources */ = {isa = PBXBuildFile; fileRef = ACA50E2B249253B000914EAF /* AppDelegate.m */; };
		ACA50E2F249253B000914EAF /* ViewController.m in Sources */ = {isa = PBXBuildFile; fileRef = ACA50E2E249253B000914EAF /* ViewController.m */; };
		ACA50E31249253B200914EAF /* Assets.xcassets in Resources */ = {isa = PBXBuildFile; fileRef = ACA50E30249253B200914EAF /* Assets.xcassets */; };
		ACA50E34249253B200914EAF /* Main.storyboard in Resources */ = {isa = PBXBuildFile; fileRef = ACA50E32249253B200914EAF /* Main.storyboard */; };
		ACA50E37249253B200914EAF /* main.m in Sources */ = {isa = PBXBuildFile; fileRef = ACA50E36249253B200914EAF /* main.m */; };
/* End PBXBuildFile section */

/* Begin PBXFileReference section */
		AC19AE28249C98C600E91F5F /* PayProGlobalStore-Bridging-Header.h */ = {isa = PBXFileReference; lastKnownFileType = sourcecode.c.h; path = "PayProGlobalStore-Bridging-Header.h"; sourceTree = "<group>"; };
		AC19AE29249C98C700E91F5F /* AuthenticationAlert.swift */ = {isa = PBXFileReference; fileEncoding = 4; lastKnownFileType = sourcecode.swift; name = AuthenticationAlert.swift; path = ../../Swift/PayProGlobalStore/AuthenticationAlert.swift; sourceTree = "<group>"; };
		AC19AE2B249CA37A00E91F5F /* AuthenticationAlert.xib */ = {isa = PBXFileReference; fileEncoding = 4; lastKnownFileType = file.xib; name = AuthenticationAlert.xib; path = ../../Swift/PayProGlobalStore/AuthenticationAlert.xib; sourceTree = "<group>"; };
		ACA50E27249253B000914EAF /* PayProGlobalStore.app */ = {isa = PBXFileReference; explicitFileType = wrapper.application; includeInIndex = 0; path = PayProGlobalStore.app; sourceTree = BUILT_PRODUCTS_DIR; };
		ACA50E2A249253B000914EAF /* AppDelegate.h */ = {isa = PBXFileReference; lastKnownFileType = sourcecode.c.h; path = AppDelegate.h; sourceTree = "<group>"; };
		ACA50E2B249253B000914EAF /* AppDelegate.m */ = {isa = PBXFileReference; lastKnownFileType = sourcecode.c.objc; path = AppDelegate.m; sourceTree = "<group>"; };
		ACA50E2D249253B000914EAF /* ViewController.h */ = {isa = PBXFileReference; lastKnownFileType = sourcecode.c.h; path = ViewController.h; sourceTree = "<group>"; };
		ACA50E2E249253B000914EAF /* ViewController.m */ = {isa = PBXFileReference; lastKnownFileType = sourcecode.c.objc; path = ViewController.m; sourceTree = "<group>"; };
		ACA50E30249253B200914EAF /* Assets.xcassets */ = {isa = PBXFileReference; lastKnownFileType = folder.assetcatalog; path = Assets.xcassets; sourceTree = "<group>"; };
		ACA50E33249253B200914EAF /* Base */ = {isa = PBXFileReference; lastKnownFileType = file.storyboard; name = Base; path = Base.lproj/Main.storyboard; sourceTree = "<group>"; };
		ACA50E35249253B200914EAF /* Info.plist */ = {isa = PBXFileReference; lastKnownFileType = text.plist.xml; path = Info.plist; sourceTree = "<group>"; };
		ACA50E36249253B200914EAF /* main.m */ = {isa = PBXFileReference; lastKnownFileType = sourcecode.c.objc; path = main.m; sourceTree = "<group>"; };
		ACA50E38249253B200914EAF /* PayProGlobalStore.entitlements */ = {isa = PBXFileReference; lastKnownFileType = text.plist.entitlements; path = PayProGlobalStore.entitlements; sourceTree = "<group>"; };
/* End PBXFileReference section */

/* Begin PBXFrameworksBuildPhase section */
		ACA50E24249253B000914EAF /* Frameworks */ = {
			isa = PBXFrameworksBuildPhase;
			buildActionMask = 2147483647;
			files = (
			);
			runOnlyForDeploymentPostprocessing = 0;
		};
/* End PBXFrameworksBuildPhase section */

/* Begin PBXGroup section */
		4B2B2C4BFFFEF21F70BF5E34 /* Pods */ = {
			isa = PBXGroup;
			children = (
			);
			path = Pods;
			sourceTree = "<group>";
		};
		ACA50E1E249253B000914EAF = {
			isa = PBXGroup;
			children = (
				ACA50E29249253B000914EAF /* PayProGlobalStore */,
				ACA50E28249253B000914EAF /* Products */,
				4B2B2C4BFFFEF21F70BF5E34 /* Pods */,
			);
			sourceTree = "<group>";
		};
		ACA50E28249253B000914EAF /* Products */ = {
			isa = PBXGroup;
			children = (
				ACA50E27249253B000914EAF /* PayProGlobalStore.app */,
			);
			name = Products;
			sourceTree = "<group>";
		};
		ACA50E29249253B000914EAF /* PayProGlobalStore */ = {
			isa = PBXGroup;
			children = (
				AC19AE29249C98C700E91F5F /* AuthenticationAlert.swift */,
				AC19AE2B249CA37A00E91F5F /* AuthenticationAlert.xib */,
				ACA50E2A249253B000914EAF /* AppDelegate.h */,
				ACA50E2B249253B000914EAF /* AppDelegate.m */,
				ACA50E2D249253B000914EAF /* ViewController.h */,
				ACA50E2E249253B000914EAF /* ViewController.m */,
				ACA50E30249253B200914EAF /* Assets.xcassets */,
				ACA50E32249253B200914EAF /* Main.storyboard */,
				ACA50E35249253B200914EAF /* Info.plist */,
				ACA50E36249253B200914EAF /* main.m */,
				ACA50E38249253B200914EAF /* PayProGlobalStore.entitlements */,
				AC19AE28249C98C600E91F5F /* PayProGlobalStore-Bridging-Header.h */,
			);
			path = PayProGlobalStore;
			sourceTree = "<group>";
		};
/* End PBXGroup section */

/* Begin PBXNativeTarget section */
		ACA50E26249253B000914EAF /* PayProGlobalStore */ = {
			isa = PBXNativeTarget;
			buildConfigurationList = ACA50E3B249253B200914EAF /* Build configuration list for PBXNativeTarget "PayProGlobalStore" */;
			buildPhases = (
				ACA50E23249253B000914EAF /* Sources */,
				ACA50E24249253B000914EAF /* Frameworks */,
				ACA50E25249253B000914EAF /* Resources */,
			);
			buildRules = (
			);
			dependencies = (
			);
			name = PayProGlobalStore;
			productName = PayProGlobalStore;
			productReference = ACA50E27249253B000914EAF /* PayProGlobalStore.app */;
			productType = "com.apple.product-type.application";
		};
/* End PBXNativeTarget section */

/* Begin PBXProject section */
		ACA50E1F249253B000914EAF /* Project object */ = {
			isa = PBXProject;
			attributes = {
				LastUpgradeCheck = 1150;
				ORGANIZATIONNAME = "PayPro Global Inc";
				TargetAttributes = {
					ACA50E26249253B000914EAF = {
						CreatedOnToolsVersion = 11.5;
						LastSwiftMigration = 1150;
					};
				};
			};
			buildConfigurationList = ACA50E22249253B000914EAF /* Build configuration list for PBXProject "PayProGlobalStore" */;
			compatibilityVersion = "Xcode 9.3";
			developmentRegion = en;
			hasScannedForEncodings = 0;
			knownRegions = (
				en,
				Base,
			);
			mainGroup = ACA50E1E249253B000914EAF;
			productRefGroup = ACA50E28249253B000914EAF /* Products */;
			projectDirPath = "";
			projectRoot = "";
			targets = (
				ACA50E26249253B000914EAF /* PayProGlobalStore */,
			);
		};
/* End PBXProject section */

/* Begin PBXResourcesBuildPhase section */
		ACA50E25249253B000914EAF /* Resources */ = {
			isa = PBXResourcesBuildPhase;
			buildActionMask = 2147483647;
			files = (
				AC19AE2C249CA37A00E91F5F /* AuthenticationAlert.xib in Resources */,
				ACA50E31249253B200914EAF /* Assets.xcassets in Resources */,
				ACA50E34249253B200914EAF /* Main.storyboard in Resources */,
			);
			runOnlyForDeploymentPostprocessing = 0;
		};
/* End PBXResourcesBuildPhase section */

/* Begin PBXSourcesBuildPhase section */
		ACA50E23249253B000914EAF /* Sources */ = {
			isa = PBXSourcesBuildPhase;
			buildActionMask = 2147483647;
			files = (
				AC19AE2A249C98C700E91F5F /* AuthenticationAlert.swift in Sources */,
				ACA50E2F249253B000914EAF /* ViewController.m in Sources */,
				ACA50E37249253B200914EAF /* main.m in Sources */,
				ACA50E2C249253B000914EAF /* AppDelegate.m in Sources */,
			);
			runOnlyForDeploymentPostprocessing = 0;
		};
/* End PBXSourcesBuildPhase section */

/* Begin PBXVariantGroup section */
		ACA50E32249253B200914EAF /* Main.storyboard */ = {
			isa = PBXVariantGroup;
			children = (
				ACA50E33249253B200914EAF /* Base */,
			);
			name = Main.storyboard;
			sourceTree = "<group>";
		};
/* End PBXVariantGroup section */

/* Begin XCBuildConfiguration section */
		ACA50E39249253B200914EAF /* Debug */ = {
			isa = XCBuildConfiguration;
			buildSettings = {
				ALWAYS_SEARCH_USER_PATHS = NO;
				CLANG_ANALYZER_NONNULL = YES;
				CLANG_ANALYZER_NUMBER_OBJECT_CONVERSION = YES_AGGRESSIVE;
				CLANG_CXX_LANGUAGE_STANDARD = "gnu++14";
				CLANG_CXX_LIBRARY = "libc++";
				CLANG_ENABLE_MODULES = YES;
				CLANG_ENABLE_OBJC_ARC = YES;
				CLANG_ENABLE_OBJC_WEAK = YES;
				CLANG_WARN_BLOCK_CAPTURE_AUTORELEASING = YES;
				CLANG_WARN_BOOL_CONVERSION = YES;
				CLANG_WARN_COMMA = YES;
				CLANG_WARN_CONSTANT_CONVERSION = YES;
				CLANG_WARN_DEPRECATED_OBJC_IMPLEMENTATIONS = YES;
				CLANG_WARN_DIRECT_OBJC_ISA_USAGE = YES_ERROR;
				CLANG_WARN_DOCUMENTATION_COMMENTS = YES;
				CLANG_WARN_EMPTY_BODY = YES;
				CLANG_WARN_ENUM_CONVERSION = YES;
				CLANG_WARN_INFINITE_RECURSION = YES;
				CLANG_WARN_INT_CONVERSION = YES;
				CLANG_WARN_NON_LITERAL_NULL_CONVERSION = YES;
				CLANG_WARN_OBJC_IMPLICIT_RETAIN_SELF = YES;
				CLANG_WARN_OBJC_LITERAL_CONVERSION = YES;
				CLANG_WARN_OBJC_ROOT_CLASS = YES_ERROR;
				CLANG_WARN_RANGE_LOOP_ANALYSIS = YES;
				CLANG_WARN_STRICT_PROTOTYPES = YES;
				CLANG_WARN_SUSPICIOUS_MOVE = YES;
				CLANG_WARN_UNGUARDED_AVAILABILITY = YES_AGGRESSIVE;
				CLANG_WARN_UNREACHABLE_CODE = YES;
				CLANG_WARN__DUPLICATE_METHOD_MATCH = YES;
				COPY_PHASE_STRIP = NO;
				DEBUG_INFORMATION_FORMAT = dwarf;
				ENABLE_STRICT_OBJC_MSGSEND = YES;
				ENABLE_TESTABILITY = YES;
				GCC_C_LANGUAGE_STANDARD = gnu11;
				GCC_DYNAMIC_NO_PIC = NO;
				GCC_NO_COMMON_BLOCKS = YES;
				GCC_OPTIMIZATION_LEVEL = 0;
				GCC_PREPROCESSOR_DEFINITIONS = (
					"DEBUG=1",
					"$(inherited)",
				);
				GCC_WARN_64_TO_32_BIT_CONVERSION = YES;
				GCC_WARN_ABOUT_RETURN_TYPE = YES_ERROR;
				GCC_WARN_UNDECLARED_SELECTOR = YES;
				GCC_WARN_UNINITIALIZED_AUTOS = YES_AGGRESSIVE;
				GCC_WARN_UNUSED_FUNCTION = YES;
				GCC_WARN_UNUSED_VARIABLE = YES;
				MACOSX_DEPLOYMENT_TARGET = 10.15;
				MTL_ENABLE_DEBUG_INFO = INCLUDE_SOURCE;
				MTL_FAST_MATH = YES;
				ONLY_ACTIVE_ARCH = YES;
				SDKROOT = macosx;
			};
			name = Debug;
		};
		ACA50E3A249253B200914EAF /* Release */ = {
			isa = XCBuildConfiguration;
			buildSettings = {
				ALWAYS_SEARCH_USER_PATHS = NO;
				CLANG_ANALYZER_NONNULL = YES;
				CLANG_ANALYZER_NUMBER_OBJECT_CONVERSION = YES_AGGRESSIVE;
				CLANG_CXX_LANGUAGE_STANDARD = "gnu++14";
				CLANG_CXX_LIBRARY = "libc++";
				CLANG_ENABLE_MODULES = YES;
				CLANG_ENABLE_OBJC_ARC = YES;
				CLANG_ENABLE_OBJC_WEAK = YES;
				CLANG_WARN_BLOCK_CAPTURE_AUTORELEASING = YES;
				CLANG_WARN_BOOL_CONVERSION = YES;
				CLANG_WARN_COMMA = YES;
				CLANG_WARN_CONSTANT_CONVERSION = YES;
				CLANG_WARN_DEPRECATED_OBJC_IMPLEMENTATIONS = YES;
				CLANG_WARN_DIRECT_OBJC_ISA_USAGE = YES_ERROR;
				CLANG_WARN_DOCUMENTATION_COMMENTS = YES;
				CLANG_WARN_EMPTY_BODY = YES;
				CLANG_WARN_ENUM_CONVERSION = YES;
				CLANG_WARN_INFINITE_RECURSION = YES;
				CLANG_WARN_INT_CONVERSION = YES;
				CLANG_WARN_NON_LITERAL_NULL_CONVERSION = YES;
				CLANG_WARN_OBJC_IMPLICIT_RETAIN_SELF = YES;
				CLANG_WARN_OBJC_LITERAL_CONVERSION = YES;
				CLANG_WARN_OBJC_ROOT_CLASS = YES_ERROR;
				CLANG_WARN_RANGE_LOOP_ANALYSIS = YES;
				CLANG_WARN_STRICT_PROTOTYPES = YES;
				CLANG_WARN_SUSPICIOUS_MOVE = YES;
				CLANG_WARN_UNGUARDED_AVAILABILITY = YES_AGGRESSIVE;
				CLANG_WARN_UNREACHABLE_CODE = YES;
				CLANG_WARN__DUPLICATE_METHOD_MATCH = YES;
				COPY_PHASE_STRIP = NO;
				DEBUG_INFORMATION_FORMAT = "dwarf-with-dsym";
				ENABLE_NS_ASSERTIONS = NO;
				ENABLE_STRICT_OBJC_MSGSEND = YES;
				GCC_C_LANGUAGE_STANDARD = gnu11;
				GCC_NO_COMMON_BLOCKS = YES;
				GCC_WARN_64_TO_32_BIT_CONVERSION = YES;
				GCC_WARN_ABOUT_RETURN_TYPE = YES_ERROR;
				GCC_WARN_UNDECLARED_SELECTOR = YES;
				GCC_WARN_UNINITIALIZED_AUTOS = YES_AGGRESSIVE;
				GCC_WARN_UNUSED_FUNCTION = YES;
				GCC_WARN_UNUSED_VARIABLE = YES;
				MACOSX_DEPLOYMENT_TARGET = 10.15;
				MTL_ENABLE_DEBUG_INFO = NO;
				MTL_FAST_MATH = YES;
				SDKROOT = macosx;
			};
			name = Release;
		};
		ACA50E3C249253B200914EAF /* Debug */ = {
			isa = XCBuildConfiguration;
			buildSettings = {
				ASSETCATALOG_COMPILER_APPICON_NAME = AppIcon;
				CLANG_ENABLE_MODULES = YES;
				CODE_SIGN_ENTITLEMENTS = PayProGlobalStore/PayProGlobalStore.entitlements;
				CODE_SIGN_STYLE = Automatic;
				COMBINE_HIDPI_IMAGES = YES;
				DEFINES_MODULE = YES;
				INFOPLIST_FILE = PayProGlobalStore/Info.plist;
				LD_RUNPATH_SEARCH_PATHS = (
					"$(inherited)",
					"@executable_path/../Frameworks",
				);
				PRODUCT_BUNDLE_IDENTIFIER = payproglobal.PayProGlobalStore;
				PRODUCT_NAME = "$(TARGET_NAME)";
				SWIFT_OBJC_BRIDGING_HEADER = "PayProGlobalStore/PayProGlobalStore-Bridging-Header.h";
				SWIFT_OPTIMIZATION_LEVEL = "-Onone";
				SWIFT_VERSION = 5.0;
			};
			name = Debug;
		};
		ACA50E3D249253B200914EAF /* Release */ = {
			isa = XCBuildConfiguration;
			buildSettings = {
				ASSETCATALOG_COMPILER_APPICON_NAME = AppIcon;
				CLANG_ENABLE_MODULES = YES;
				CODE_SIGN_ENTITLEMENTS = PayProGlobalStore/PayProGlobalStore.entitlements;
				CODE_SIGN_STYLE = Automatic;
				COMBINE_HIDPI_IMAGES = YES;
				DEFINES_MODULE = YES;
				INFOPLIST_FILE = PayProGlobalStore/Info.plist;
				LD_RUNPATH_SEARCH_PATHS = (
					"$(inherited)",
					"@executable_path/../Frameworks",
				);
				PRODUCT_BUNDLE_IDENTIFIER = payproglobal.PayProGlobalStore;
				PRODUCT_NAME = "$(TARGET_NAME)";
				SWIFT_OBJC_BRIDGING_HEADER = "PayProGlobalStore/PayProGlobalStore-Bridging-Header.h";
				SWIFT_VERSION = 5.0;
			};
			name = Release;
		};
/* End XCBuildConfiguration section */

/* Begin XCConfigurationList section */
		ACA50E22249253B000914EAF /* Build configuration list for PBXProject "PayProGlobalStore" */ = {
			isa = XCConfigurationList;
			buildConfigurations = (
				ACA50E39249253B200914EAF /* Debug */,
				ACA50E3A249253B200914EAF /* Release */,
			);
			defaultConfigurationIsVisible = 0;
			defaultConfigurationName = Release;
		};
		ACA50E3B249253B200914EAF /* Build configuration list for PBXNativeTarget "PayProGlobalStore" */ = {
			isa = XCConfigurationList;
			buildConfigurations = (
				ACA50E3C249253B200914EAF /* Debug */,
				ACA50E3D249253B200914EAF /* Release */,
			);
			defaultConfigurationIsVisible = 0;
			defaultConfigurationName = Release;
		};
/* End XCConfigurationList section */
	};
	rootObject = ACA50E1F249253B000914EAF /* Project object */;
}
